
Microsoft Visual Studio Solution File, Format Version 12.00
# Visual Studio Version 16
VisualStudioVersion = 16.0.30907.101
MinimumVisualStudioVersion = 10.0.40219.1
Project("{2150E333-8FDC-42A3-9474-1A3956D46DE8}") = "src", "src", "{541C055D-37CC-46AD-B21E-DF93B4FFC802}"
EndProject
Project("{2150E333-8FDC-42A3-9474-1A3956D46DE8}") = "Building Blocks", "Building Blocks", "{C79BF9FC-9D2E-452E-A43E-429B93BE88DE}"
EndProject
Project("{2150E333-8FDC-42A3-9474-1A3956D46DE8}") = "Services", "Services", "{5196BA6A-B294-4AE7-B599-AD062FDCDF29}"
EndProject
Project("{2150E333-8FDC-42A3-9474-1A3956D46DE8}") = "Web", "Web", "{F754636F-90A0-41D3-8B10-D1CC3FDE4573}"
EndProject
Project("{2150E333-8FDC-42A3-9474-1A3956D46DE8}") = "Core", "Core", "{4B9B2F93-82F8-4452-B0EA-A309F66E9875}"
EndProject
Project("{2150E333-8FDC-42A3-9474-1A3956D46DE8}") = "Auth", "Auth", "{CE3D2637-9939-422E-A753-4134C1E5070B}"
EndProject
Project("{9A19103F-16F7-4668-BE54-9A1E7A4F7556}") = "DSC.Core", "src\building blocks\DSC.Core\DSC.Core.csproj", "{2D0C9C21-351B-4627-B870-6FEE6259DD11}"
EndProject
Project("{2150E333-8FDC-42A3-9474-1A3956D46DE8}") = "Student", "Student", "{080A7C34-7149-40ED-9C83-209BE4901C82}"
EndProject
Project("{9A19103F-16F7-4668-BE54-9A1E7A4F7556}") = "DSC.Student.API", "src\services\DSC.Student.API\DSC.Student.API.csproj", "{0B1302E6-8B2C-42EF-A8DE-6AC9008B8EF4}"
EndProject
Project("{9A19103F-16F7-4668-BE54-9A1E7A4F7556}") = "DSC.Student.Domain", "src\services\DSC.Student.Domain\DSC.Student.Domain.csproj", "{152C2046-EBB7-492A-8540-C566DD780EC3}"
EndProject
Project("{9A19103F-16F7-4668-BE54-9A1E7A4F7556}") = "DSC.Student.Infrastructure", "src\services\DSC.Student.Infrastructure\DSC.Student.Infrastructure.csproj", "{F138933A-F6D9-4BDC-AB47-C6E3F5B7C12B}"
EndProject
Project("{9A19103F-16F7-4668-BE54-9A1E7A4F7556}") = "DSC.Auth.API", "src\services\DSC.Auth.API\DSC.Auth.API.csproj", "{6452DEDA-0032-476B-A59A-4E08A099BA46}"
EndProject
Project("{9A19103F-16F7-4668-BE54-9A1E7A4F7556}") = "DSC.Auth.Domain", "src\services\DSC.Auth.Domain\DSC.Auth.Domain.csproj", "{B0316314-E604-4133-B75E-F15115C0E2EF}"
EndProject
Project("{9A19103F-16F7-4668-BE54-9A1E7A4F7556}") = "DSC.Auth.Infrastructure", "src\services\DSC.Auth.Infrastructure\DSC.Auth.Infrastructure.csproj", "{47FC852D-768C-46C9-BDF2-F570BC86687A}"
EndProject
Project("{2150E333-8FDC-42A3-9474-1A3956D46DE8}") = "MessageBus", "MessageBus", "{0355754C-6F17-418F-84B0-152A9641D11A}"
EndProject
Project("{9A19103F-16F7-4668-BE54-9A1E7A4F7556}") = "DSC.MessageBus", "src\building blocks\DSC.MessageBus\DSC.MessageBus.csproj", "{B6D86A6C-BB8C-4DEA-87C9-010ADE5C7280}"
EndProject
Project("{2150E333-8FDC-42A3-9474-1A3956D46DE8}") = "tst", "tst", "{EC564913-1483-46A3-82E8-771B17B384C5}"
EndProject
Project("{FAE04EC0-301F-11D3-BF4B-00C04F79EFBC}") = "DSC.Student.UnitTests", "tst\DSC.Student.UnitTests\DSC.Student.UnitTests.csproj", "{BD213381-62D3-4EA9-8810-00B04A0D2E14}"
EndProject
Project("{FAE04EC0-301F-11D3-BF4B-00C04F79EFBC}") = "DSC.Auth.UnitTests", "tst\DSC.Auth.UnitTests\DSC.Auth.UnitTests.csproj", "{1C39365B-8B27-4F25-8F09-A3CFDAA90D7D}"
EndProject
Global
	GlobalSection(SolutionConfigurationPlatforms) = preSolution
		Debug|Any CPU = Debug|Any CPU
		Release|Any CPU = Release|Any CPU
	EndGlobalSection
	GlobalSection(ProjectConfigurationPlatforms) = postSolution
		{2D0C9C21-351B-4627-B870-6FEE6259DD11}.Debug|Any CPU.ActiveCfg = Debug|Any CPU
		{2D0C9C21-351B-4627-B870-6FEE6259DD11}.Debug|Any CPU.Build.0 = Debug|Any CPU
		{2D0C9C21-351B-4627-B870-6FEE6259DD11}.Release|Any CPU.ActiveCfg = Release|Any CPU
		{2D0C9C21-351B-4627-B870-6FEE6259DD11}.Release|Any CPU.Build.0 = Release|Any CPU
		{0B1302E6-8B2C-42EF-A8DE-6AC9008B8EF4}.Debug|Any CPU.ActiveCfg = Debug|Any CPU
		{0B1302E6-8B2C-42EF-A8DE-6AC9008B8EF4}.Debug|Any CPU.Build.0 = Debug|Any CPU
		{0B1302E6-8B2C-42EF-A8DE-6AC9008B8EF4}.Release|Any CPU.ActiveCfg = Release|Any CPU
		{0B1302E6-8B2C-42EF-A8DE-6AC9008B8EF4}.Release|Any CPU.Build.0 = Release|Any CPU
		{152C2046-EBB7-492A-8540-C566DD780EC3}.Debug|Any CPU.ActiveCfg = Debug|Any CPU
		{152C2046-EBB7-492A-8540-C566DD780EC3}.Debug|Any CPU.Build.0 = Debug|Any CPU
		{152C2046-EBB7-492A-8540-C566DD780EC3}.Release|Any CPU.ActiveCfg = Release|Any CPU
		{152C2046-EBB7-492A-8540-C566DD780EC3}.Release|Any CPU.Build.0 = Release|Any CPU
		{F138933A-F6D9-4BDC-AB47-C6E3F5B7C12B}.Debug|Any CPU.ActiveCfg = Debug|Any CPU
		{F138933A-F6D9-4BDC-AB47-C6E3F5B7C12B}.Debug|Any CPU.Build.0 = Debug|Any CPU
		{F138933A-F6D9-4BDC-AB47-C6E3F5B7C12B}.Release|Any CPU.ActiveCfg = Release|Any CPU
		{F138933A-F6D9-4BDC-AB47-C6E3F5B7C12B}.Release|Any CPU.Build.0 = Release|Any CPU
		{6452DEDA-0032-476B-A59A-4E08A099BA46}.Debug|Any CPU.ActiveCfg = Debug|Any CPU
		{6452DEDA-0032-476B-A59A-4E08A099BA46}.Debug|Any CPU.Build.0 = Debug|Any CPU
		{6452DEDA-0032-476B-A59A-4E08A099BA46}.Release|Any CPU.ActiveCfg = Release|Any CPU
		{6452DEDA-0032-476B-A59A-4E08A099BA46}.Release|Any CPU.Build.0 = Release|Any CPU
		{B0316314-E604-4133-B75E-F15115C0E2EF}.Debug|Any CPU.ActiveCfg = Debug|Any CPU
		{B0316314-E604-4133-B75E-F15115C0E2EF}.Debug|Any CPU.Build.0 = Debug|Any CPU
		{B0316314-E604-4133-B75E-F15115C0E2EF}.Release|Any CPU.ActiveCfg = Release|Any CPU
		{B0316314-E604-4133-B75E-F15115C0E2EF}.Release|Any CPU.Build.0 = Release|Any CPU
		{47FC852D-768C-46C9-BDF2-F570BC86687A}.Debug|Any CPU.ActiveCfg = Debug|Any CPU
		{47FC852D-768C-46C9-BDF2-F570BC86687A}.Debug|Any CPU.Build.0 = Debug|Any CPU
		{47FC852D-768C-46C9-BDF2-F570BC86687A}.Release|Any CPU.ActiveCfg = Release|Any CPU
		{47FC852D-768C-46C9-BDF2-F570BC86687A}.Release|Any CPU.Build.0 = Release|Any CPU
		{B6D86A6C-BB8C-4DEA-87C9-010ADE5C7280}.Debug|Any CPU.ActiveCfg = Debug|Any CPU
		{B6D86A6C-BB8C-4DEA-87C9-010ADE5C7280}.Debug|Any CPU.Build.0 = Debug|Any CPU
		{B6D86A6C-BB8C-4DEA-87C9-010ADE5C7280}.Release|Any CPU.ActiveCfg = Release|Any CPU
		{B6D86A6C-BB8C-4DEA-87C9-010ADE5C7280}.Release|Any CPU.Build.0 = Release|Any CPU
		{BD213381-62D3-4EA9-8810-00B04A0D2E14}.Debug|Any CPU.ActiveCfg = Debug|Any CPU
		{BD213381-62D3-4EA9-8810-00B04A0D2E14}.Debug|Any CPU.Build.0 = Debug|Any CPU
		{BD213381-62D3-4EA9-8810-00B04A0D2E14}.Release|Any CPU.ActiveCfg = Release|Any CPU
		{BD213381-62D3-4EA9-8810-00B04A0D2E14}.Release|Any CPU.Build.0 = Release|Any CPU
		{1C39365B-8B27-4F25-8F09-A3CFDAA90D7D}.Debug|Any CPU.ActiveCfg = Debug|Any CPU
		{1C39365B-8B27-4F25-8F09-A3CFDAA90D7D}.Debug|Any CPU.Build.0 = Debug|Any CPU
		{1C39365B-8B27-4F25-8F09-A3CFDAA90D7D}.Release|Any CPU.ActiveCfg = Release|Any CPU
		{1C39365B-8B27-4F25-8F09-A3CFDAA90D7D}.Release|Any CPU.Build.0 = Release|Any CPU
	EndGlobalSection
	GlobalSection(SolutionProperties) = preSolution
		HideSolutionNode = FALSE
	EndGlobalSection
	GlobalSection(NestedProjects) = preSolution
		{C79BF9FC-9D2E-452E-A43E-429B93BE88DE} = {541C055D-37CC-46AD-B21E-DF93B4FFC802}
		{5196BA6A-B294-4AE7-B599-AD062FDCDF29} = {541C055D-37CC-46AD-B21E-DF93B4FFC802}
		{F754636F-90A0-41D3-8B10-D1CC3FDE4573} = {541C055D-37CC-46AD-B21E-DF93B4FFC802}
		{4B9B2F93-82F8-4452-B0EA-A309F66E9875} = {C79BF9FC-9D2E-452E-A43E-429B93BE88DE}
		{CE3D2637-9939-422E-A753-4134C1E5070B} = {5196BA6A-B294-4AE7-B599-AD062FDCDF29}
		{2D0C9C21-351B-4627-B870-6FEE6259DD11} = {4B9B2F93-82F8-4452-B0EA-A309F66E9875}
		{080A7C34-7149-40ED-9C83-209BE4901C82} = {5196BA6A-B294-4AE7-B599-AD062FDCDF29}
		{0B1302E6-8B2C-42EF-A8DE-6AC9008B8EF4} = {080A7C34-7149-40ED-9C83-209BE4901C82}
		{152C2046-EBB7-492A-8540-C566DD780EC3} = {080A7C34-7149-40ED-9C83-209BE4901C82}
		{F138933A-F6D9-4BDC-AB47-C6E3F5B7C12B} = {080A7C34-7149-40ED-9C83-209BE4901C82}
		{6452DEDA-0032-476B-A59A-4E08A099BA46} = {CE3D2637-9939-422E-A753-4134C1E5070B}
		{B0316314-E604-4133-B75E-F15115C0E2EF} = {CE3D2637-9939-422E-A753-4134C1E5070B}
		{47FC852D-768C-46C9-BDF2-F570BC86687A} = {CE3D2637-9939-422E-A753-4134C1E5070B}
		{0355754C-6F17-418F-84B0-152A9641D11A} = {C79BF9FC-9D2E-452E-A43E-429B93BE88DE}
		{B6D86A6C-BB8C-4DEA-87C9-010ADE5C7280} = {0355754C-6F17-418F-84B0-152A9641D11A}
		{BD213381-62D3-4EA9-8810-00B04A0D2E14} = {EC564913-1483-46A3-82E8-771B17B384C5}
		{1C39365B-8B27-4F25-8F09-A3CFDAA90D7D} = {EC564913-1483-46A3-82E8-771B17B384C5}
	EndGlobalSection
	GlobalSection(ExtensibilityGlobals) = postSolution
		SolutionGuid = {93BEB0DE-17FD-4F23-A69F-A1F4DD00960E}
	EndGlobalSection
EndGlobal
